
Microsoft Visual Studio Solution File, Format Version 12.00
# Visual Studio 2012
Project("{FAE04EC0-301F-11D3-BF4B-00C04F79EFBC}") = "DanceProject", "DanceProject\DanceProject.csproj", "{B19EFD0B-1CD7-444B-B537-8BE4B3F3FEF5}"
EndProject
Project("{FAE04EC0-301F-11D3-BF4B-00C04F79EFBC}") = "DanceProject.Tests", "DanceProject.Tests\DanceProject.Tests.csproj", "{6785108A-3644-4701-9465-323F999814D2}"
EndProject
Global
	GlobalSection(SolutionConfigurationPlatforms) = preSolution
		Debug|Any CPU = Debug|Any CPU
		Release|Any CPU = Release|Any CPU
	EndGlobalSection
	GlobalSection(ProjectConfigurationPlatforms) = postSolution
		{B19EFD0B-1CD7-444B-B537-8BE4B3F3FEF5}.Debug|Any CPU.ActiveCfg = Debug|Any CPU
		{B19EFD0B-1CD7-444B-B537-8BE4B3F3FEF5}.Debug|Any CPU.Build.0 = Debug|Any CPU
		{B19EFD0B-1CD7-444B-B537-8BE4B3F3FEF5}.Release|Any CPU.ActiveCfg = Release|Any CPU
		{B19EFD0B-1CD7-444B-B537-8BE4B3F3FEF5}.Release|Any CPU.Build.0 = Release|Any CPU
		{6785108A-3644-4701-9465-323F999814D2}.Debug|Any CPU.ActiveCfg = Debug|Any CPU
		{6785108A-3644-4701-9465-323F999814D2}.Debug|Any CPU.Build.0 = Debug|Any CPU
		{6785108A-3644-4701-9465-323F999814D2}.Release|Any CPU.ActiveCfg = Release|Any CPU
		{6785108A-3644-4701-9465-323F999814D2}.Release|Any CPU.Build.0 = Release|Any CPU
	EndGlobalSection
EndGlobal
